// !$*UTF8*$!
{
	archiveVersion = 1;
	classes = {
	};
	objectVersion = 46;
	objects = {

/* Begin PBXBuildFile section */
		152F9143183AFCE00014055F /* GoogleMaps.framework in Frameworks */ = {isa = PBXBuildFile; fileRef = 152F9142183AFCE00014055F /* GoogleMaps.framework */; };
		152F9145183B0F880014055F /* busStripped.png in Resources */ = {isa = PBXBuildFile; fileRef = 152F9144183B0F870014055F /* busStripped.png */; };
		1578DC5B17FDE79F006BE126 /* Icon.png in Resources */ = {isa = PBXBuildFile; fileRef = 1578DC5A17FDE79F006BE126 /* Icon.png */; };
		1578DC5D17FDE7E0006BE126 /* Icon@2x.png in Resources */ = {isa = PBXBuildFile; fileRef = 1578DC5C17FDE7E0006BE126 /* Icon@2x.png */; };
		158661B017F4D2750083BB68 /* Bus.m in Sources */ = {isa = PBXBuildFile; fileRef = 158661AF17F4D2750083BB68 /* Bus.m */; };
		158661B417F4D2A90083BB68 /* BusService.m in Sources */ = {isa = PBXBuildFile; fileRef = 158661B317F4D2A90083BB68 /* BusService.m */; };
		158661B717F4D2DC0083BB68 /* RouteService.m in Sources */ = {isa = PBXBuildFile; fileRef = 158661B617F4D2DC0083BB68 /* RouteService.m */; };
		15B523D61821A0CA005CCB61 /* FavSwitch.m in Sources */ = {isa = PBXBuildFile; fileRef = 15B523D51821A0CA005CCB61 /* FavSwitch.m */; };
		15B523D71821A0CA005CCB61 /* FavSwitch.m in Sources */ = {isa = PBXBuildFile; fileRef = 15B523D51821A0CA005CCB61 /* FavSwitch.m */; };
		9D2CB54217F47B1B005B4063 /* appicon.png in Resources */ = {isa = PBXBuildFile; fileRef = 9D2CB52F17F47B1B005B4063 /* appicon.png */; };
		9D2CB54317F47B1B005B4063 /* appicon.png in Resources */ = {isa = PBXBuildFile; fileRef = 9D2CB52F17F47B1B005B4063 /* appicon.png */; };
		9D2CB54417F47B1B005B4063 /* bus_blue.png in Resources */ = {isa = PBXBuildFile; fileRef = 9D2CB53017F47B1B005B4063 /* bus_blue.png */; };
		9D2CB54517F47B1B005B4063 /* bus_blue.png in Resources */ = {isa = PBXBuildFile; fileRef = 9D2CB53017F47B1B005B4063 /* bus_blue.png */; };
		9D2CB54617F47B1B005B4063 /* bus_green.png in Resources */ = {isa = PBXBuildFile; fileRef = 9D2CB53117F47B1B005B4063 /* bus_green.png */; };
		9D2CB54717F47B1B005B4063 /* bus_green.png in Resources */ = {isa = PBXBuildFile; fileRef = 9D2CB53117F47B1B005B4063 /* bus_green.png */; };
		9D2CB54817F47B1B005B4063 /* bus_orange.png in Resources */ = {isa = PBXBuildFile; fileRef = 9D2CB53217F47B1B005B4063 /* bus_orange.png */; };
		9D2CB54917F47B1B005B4063 /* bus_orange.png in Resources */ = {isa = PBXBuildFile; fileRef = 9D2CB53217F47B1B005B4063 /* bus_orange.png */; };
		9D2CB54A17F47B1B005B4063 /* bus_purple1.png in Resources */ = {isa = PBXBuildFile; fileRef = 9D2CB53317F47B1B005B4063 /* bus_purple1.png */; };
		9D2CB54B17F47B1B005B4063 /* bus_purple1.png in Resources */ = {isa = PBXBuildFile; fileRef = 9D2CB53317F47B1B005B4063 /* bus_purple1.png */; };
		9D2CB54C17F47B1B005B4063 /* bus_purple2.png in Resources */ = {isa = PBXBuildFile; fileRef = 9D2CB53417F47B1B005B4063 /* bus_purple2.png */; };
		9D2CB54D17F47B1B005B4063 /* bus_purple2.png in Resources */ = {isa = PBXBuildFile; fileRef = 9D2CB53417F47B1B005B4063 /* bus_purple2.png */; };
		9D2CB54E17F47B1B005B4063 /* bus_red.png in Resources */ = {isa = PBXBuildFile; fileRef = 9D2CB53517F47B1B005B4063 /* bus_red.png */; };
		9D2CB54F17F47B1B005B4063 /* bus_red.png in Resources */ = {isa = PBXBuildFile; fileRef = 9D2CB53517F47B1B005B4063 /* bus_red.png */; };
		9D2CB55017F47B1B005B4063 /* bus_yellow.png in Resources */ = {isa = PBXBuildFile; fileRef = 9D2CB53617F47B1B005B4063 /* bus_yellow.png */; };
		9D2CB55117F47B1B005B4063 /* bus_yellow.png in Resources */ = {isa = PBXBuildFile; fileRef = 9D2CB53617F47B1B005B4063 /* bus_yellow.png */; };
		9D2CB55217F47B1B005B4063 /* bus.png in Resources */ = {isa = PBXBuildFile; fileRef = 9D2CB53717F47B1B005B4063 /* bus.png */; };
		9D2CB55317F47B1B005B4063 /* bus.png in Resources */ = {isa = PBXBuildFile; fileRef = 9D2CB53717F47B1B005B4063 /* bus.png */; };
		9D2CB55417F47B1B005B4063 /* busstop.png in Resources */ = {isa = PBXBuildFile; fileRef = 9D2CB53817F47B1B005B4063 /* busstop.png */; };
		9D2CB55517F47B1B005B4063 /* busstop.png in Resources */ = {isa = PBXBuildFile; fileRef = 9D2CB53817F47B1B005B4063 /* busstop.png */; };
		9D2CB55617F47B1B005B4063 /* image-iphone.png in Resources */ = {isa = PBXBuildFile; fileRef = 9D2CB53917F47B1B005B4063 /* image-iphone.png */; };
		9D2CB55717F47B1B005B4063 /* image-iphone.png in Resources */ = {isa = PBXBuildFile; fileRef = 9D2CB53917F47B1B005B4063 /* image-iphone.png */; };
		9D2CB55817F47B1B005B4063 /* miami-route-green-line.jpg in Resources */ = {isa = PBXBuildFile; fileRef = 9D2CB53A17F47B1B005B4063 /* miami-route-green-line.jpg */; };
		9D2CB55917F47B1B005B4063 /* miami-route-green-line.jpg in Resources */ = {isa = PBXBuildFile; fileRef = 9D2CB53A17F47B1B005B4063 /* miami-route-green-line.jpg */; };
		9D2CB55A17F47B1B005B4063 /* miami-route-orange-line.jpg in Resources */ = {isa = PBXBuildFile; fileRef = 9D2CB53B17F47B1B005B4063 /* miami-route-orange-line.jpg */; };
		9D2CB55B17F47B1B005B4063 /* miami-route-orange-line.jpg in Resources */ = {isa = PBXBuildFile; fileRef = 9D2CB53B17F47B1B005B4063 /* miami-route-orange-line.jpg */; };
		9D2CB55C17F47B1B005B4063 /* miami-route-purple-line.jpg in Resources */ = {isa = PBXBuildFile; fileRef = 9D2CB53C17F47B1B005B4063 /* miami-route-purple-line.jpg */; };
		9D2CB55D17F47B1B005B4063 /* miami-route-purple-line.jpg in Resources */ = {isa = PBXBuildFile; fileRef = 9D2CB53C17F47B1B005B4063 /* miami-route-purple-line.jpg */; };
		9D2CB55E17F47B1B005B4063 /* miami-route-red-line.jpg in Resources */ = {isa = PBXBuildFile; fileRef = 9D2CB53D17F47B1B005B4063 /* miami-route-red-line.jpg */; };
		9D2CB55F17F47B1B005B4063 /* miami-route-red-line.jpg in Resources */ = {isa = PBXBuildFile; fileRef = 9D2CB53D17F47B1B005B4063 /* miami-route-red-line.jpg */; };
		9D2CB56017F47B1B005B4063 /* miami-route-tan-line.jpg in Resources */ = {isa = PBXBuildFile; fileRef = 9D2CB53E17F47B1B005B4063 /* miami-route-tan-line.jpg */; };
		9D2CB56117F47B1B005B4063 /* miami-route-tan-line.jpg in Resources */ = {isa = PBXBuildFile; fileRef = 9D2CB53E17F47B1B005B4063 /* miami-route-tan-line.jpg */; };
		9D2CB56217F47B1B005B4063 /* miami-route-turquoise-line.jpg in Resources */ = {isa = PBXBuildFile; fileRef = 9D2CB53F17F47B1B005B4063 /* miami-route-turquoise-line.jpg */; };
		9D2CB56317F47B1B005B4063 /* miami-route-turquoise-line.jpg in Resources */ = {isa = PBXBuildFile; fileRef = 9D2CB53F17F47B1B005B4063 /* miami-route-turquoise-line.jpg */; };
		9D31FA6317E76702000D2F36 /* SidebarViewController.m in Sources */ = {isa = PBXBuildFile; fileRef = 9D31FA6217E76702000D2F36 /* SidebarViewController.m */; };
		9D31FA6417E76702000D2F36 /* SidebarViewController.m in Sources */ = {isa = PBXBuildFile; fileRef = 9D31FA6217E76702000D2F36 /* SidebarViewController.m */; };
		9D31FA6717E76722000D2F36 /* NewViewController.m in Sources */ = {isa = PBXBuildFile; fileRef = 9D31FA6617E76722000D2F36 /* NewViewController.m */; };
		9D31FA6817E76722000D2F36 /* NewViewController.m in Sources */ = {isa = PBXBuildFile; fileRef = 9D31FA6617E76722000D2F36 /* NewViewController.m */; };
		9D31FA6B17E77A4E000D2F36 /* ButtonMenu.png in Resources */ = {isa = PBXBuildFile; fileRef = 9D31FA6917E77A4E000D2F36 /* ButtonMenu.png */; };
		9D31FA6C17E77A4E000D2F36 /* ButtonMenu.png in Resources */ = {isa = PBXBuildFile; fileRef = 9D31FA6917E77A4E000D2F36 /* ButtonMenu.png */; };
		9D31FA6D17E77A4E000D2F36 /* ButtonMenu@2x.png in Resources */ = {isa = PBXBuildFile; fileRef = 9D31FA6A17E77A4E000D2F36 /* ButtonMenu@2x.png */; };
		9D31FA6E17E77A4E000D2F36 /* ButtonMenu@2x.png in Resources */ = {isa = PBXBuildFile; fileRef = 9D31FA6A17E77A4E000D2F36 /* ButtonMenu@2x.png */; };
		9D3A99EA17F4DAED006FA01E /* StopService.m in Sources */ = {isa = PBXBuildFile; fileRef = 9D3A99E917F4DAED006FA01E /* StopService.m */; };
		9D3A99EB17F4DAED006FA01E /* StopService.m in Sources */ = {isa = PBXBuildFile; fileRef = 9D3A99E917F4DAED006FA01E /* StopService.m */; };
		9D3A99F217F53F5C006FA01E /* Stop.m in Sources */ = {isa = PBXBuildFile; fileRef = 9D3A99F117F53F5C006FA01E /* Stop.m */; };
		9D3A99F317F53F5C006FA01E /* Stop.m in Sources */ = {isa = PBXBuildFile; fileRef = 9D3A99F117F53F5C006FA01E /* Stop.m */; };
		9D3A99F517F638BF006FA01E /* OpeH1.png in Resources */ = {isa = PBXBuildFile; fileRef = 9D3A99F417F638BF006FA01E /* OpeH1.png */; };
		9D3A99F617F638BF006FA01E /* OpeH1.png in Resources */ = {isa = PBXBuildFile; fileRef = 9D3A99F417F638BF006FA01E /* OpeH1.png */; };
		9D888C5C18BBF7A10059706E /* SettingsView.m in Sources */ = {isa = PBXBuildFile; fileRef = 9D888C5B18BBF7A10059706E /* SettingsView.m */; };
		9D8917471807125800C3817E /* Route.m in Sources */ = {isa = PBXBuildFile; fileRef = 9D8917461807125800C3817E /* Route.m */; };
		9D8917481807125800C3817E /* Route.m in Sources */ = {isa = PBXBuildFile; fileRef = 9D8917461807125800C3817E /* Route.m */; };
		9DA50F51180C513400CD0336 /* ColorService.m in Sources */ = {isa = PBXBuildFile; fileRef = 9DA50F50180C513400CD0336 /* ColorService.m */; };
		9DA50F52180C513400CD0336 /* ColorService.m in Sources */ = {isa = PBXBuildFile; fileRef = 9DA50F50180C513400CD0336 /* ColorService.m */; };
		9DCB4A2617E6B3020096698D /* UIKit.framework in Frameworks */ = {isa = PBXBuildFile; fileRef = 9DCB4A2517E6B3020096698D /* UIKit.framework */; };
		9DCB4A2817E6B3020096698D /* Foundation.framework in Frameworks */ = {isa = PBXBuildFile; fileRef = 9DCB4A2717E6B3020096698D /* Foundation.framework */; };
		9DCB4A2A17E6B3020096698D /* CoreGraphics.framework in Frameworks */ = {isa = PBXBuildFile; fileRef = 9DCB4A2917E6B3020096698D /* CoreGraphics.framework */; };
		9DCB4A3017E6B3020096698D /* InfoPlist.strings in Resources */ = {isa = PBXBuildFile; fileRef = 9DCB4A2E17E6B3020096698D /* InfoPlist.strings */; };
		9DCB4A3217E6B3020096698D /* main.m in Sources */ = {isa = PBXBuildFile; fileRef = 9DCB4A3117E6B3020096698D /* main.m */; };
		9DCB4A3617E6B3020096698D /* AppDelegate.m in Sources */ = {isa = PBXBuildFile; fileRef = 9DCB4A3517E6B3020096698D /* AppDelegate.m */; };
		9DCB4A3817E6B3020096698D /* Default.png in Resources */ = {isa = PBXBuildFile; fileRef = 9DCB4A3717E6B3020096698D /* Default.png */; };
		9DCB4A3A17E6B3020096698D /* Default@2x.png in Resources */ = {isa = PBXBuildFile; fileRef = 9DCB4A3917E6B3020096698D /* Default@2x.png */; };
		9DCB4A4417E6B3030096698D /* SenTestingKit.framework in Frameworks */ = {isa = PBXBuildFile; fileRef = 9DCB4A4317E6B3030096698D /* SenTestingKit.framework */; };
		9DCB4A4517E6B3030096698D /* UIKit.framework in Frameworks */ = {isa = PBXBuildFile; fileRef = 9DCB4A2517E6B3020096698D /* UIKit.framework */; };
		9DCB4A4617E6B3030096698D /* Foundation.framework in Frameworks */ = {isa = PBXBuildFile; fileRef = 9DCB4A2717E6B3020096698D /* Foundation.framework */; };
		9DCB4A4E17E6B3030096698D /* InfoPlist.strings in Resources */ = {isa = PBXBuildFile; fileRef = 9DCB4A4C17E6B3030096698D /* InfoPlist.strings */; };
		9DCB4A5117E6B3030096698D /* MU_Bus_TrackingTests.m in Sources */ = {isa = PBXBuildFile; fileRef = 9DCB4A5017E6B3030096698D /* MU_Bus_TrackingTests.m */; };
		9DCB4A6A17E6B5C50096698D /* UINavigationItem+JTRevealSidebarV2.m in Sources */ = {isa = PBXBuildFile; fileRef = 9DCB4A6717E6B5C50096698D /* UINavigationItem+JTRevealSidebarV2.m */; };
		9DCB4A6B17E6B5C50096698D /* UINavigationItem+JTRevealSidebarV2.m in Sources */ = {isa = PBXBuildFile; fileRef = 9DCB4A6717E6B5C50096698D /* UINavigationItem+JTRevealSidebarV2.m */; };
		9DCB4A6C17E6B5C50096698D /* UIViewController+JTRevealSidebarV2.m in Sources */ = {isa = PBXBuildFile; fileRef = 9DCB4A6917E6B5C50096698D /* UIViewController+JTRevealSidebarV2.m */; };
		9DCB4A6D17E6B5C50096698D /* UIViewController+JTRevealSidebarV2.m in Sources */ = {isa = PBXBuildFile; fileRef = 9DCB4A6917E6B5C50096698D /* UIViewController+JTRevealSidebarV2.m */; };
		9DCB4A8017E6BBB90096698D /* AVFoundation.framework in Frameworks */ = {isa = PBXBuildFile; fileRef = 9DCB4A7417E6BBB90096698D /* AVFoundation.framework */; };
		9DCB4A8117E6BBB90096698D /* CoreData.framework in Frameworks */ = {isa = PBXBuildFile; fileRef = 9DCB4A7517E6BBB90096698D /* CoreData.framework */; };
		9DCB4A8217E6BBB90096698D /* CoreLocation.framework in Frameworks */ = {isa = PBXBuildFile; fileRef = 9DCB4A7617E6BBB90096698D /* CoreLocation.framework */; };
		9DCB4A8317E6BBB90096698D /* CoreText.framework in Frameworks */ = {isa = PBXBuildFile; fileRef = 9DCB4A7717E6BBB90096698D /* CoreText.framework */; };
		9DCB4A8417E6BBB90096698D /* GLKit.framework in Frameworks */ = {isa = PBXBuildFile; fileRef = 9DCB4A7817E6BBB90096698D /* GLKit.framework */; };
		9DCB4A8517E6BBB90096698D /* ImageIO.framework in Frameworks */ = {isa = PBXBuildFile; fileRef = 9DCB4A7917E6BBB90096698D /* ImageIO.framework */; };
		9DCB4A8617E6BBB90096698D /* libc++.dylib in Frameworks */ = {isa = PBXBuildFile; fileRef = 9DCB4A7A17E6BBB90096698D /* libc++.dylib */; };
		9DCB4A8717E6BBB90096698D /* libicucore.dylib in Frameworks */ = {isa = PBXBuildFile; fileRef = 9DCB4A7B17E6BBB90096698D /* libicucore.dylib */; };
		9DCB4A8817E6BBB90096698D /* libz.dylib in Frameworks */ = {isa = PBXBuildFile; fileRef = 9DCB4A7C17E6BBB90096698D /* libz.dylib */; };
		9DCB4A8917E6BBB90096698D /* OpenGLES.framework in Frameworks */ = {isa = PBXBuildFile; fileRef = 9DCB4A7D17E6BBB90096698D /* OpenGLES.framework */; };
		9DCB4A8A17E6BBB90096698D /* QuartzCore.framework in Frameworks */ = {isa = PBXBuildFile; fileRef = 9DCB4A7E17E6BBB90096698D /* QuartzCore.framework */; };
		9DCB4A8B17E6BBB90096698D /* SystemConfiguration.framework in Frameworks */ = {isa = PBXBuildFile; fileRef = 9DCB4A7F17E6BBB90096698D /* SystemConfiguration.framework */; };
		9DE46CCE184D394E00144525 /* Default-568h@2x.png in Resources */ = {isa = PBXBuildFile; fileRef = 9DE46CCD184D394E00144525 /* Default-568h@2x.png */; };
		9DE46CCF184D394E00144525 /* Default-568h@2x.png in Resources */ = {isa = PBXBuildFile; fileRef = 9DE46CCD184D394E00144525 /* Default-568h@2x.png */; };
		9DF89256181C54CA002B7018 /* MapViewController.m in Sources */ = {isa = PBXBuildFile; fileRef = 9DF89255181C54CA002B7018 /* MapViewController.m */; };
		9DF89257181C54CA002B7018 /* MapViewController.m in Sources */ = {isa = PBXBuildFile; fileRef = 9DF89255181C54CA002B7018 /* MapViewController.m */; };
		9DF8925A181C650E002B7018 /* SettingsViewController.m in Sources */ = {isa = PBXBuildFile; fileRef = 9DF89259181C650E002B7018 /* SettingsViewController.m */; };
		9DF8925B181C650E002B7018 /* SettingsViewController.m in Sources */ = {isa = PBXBuildFile; fileRef = 9DF89259181C650E002B7018 /* SettingsViewController.m */; };
		9DF8D3841818820A0041A9B6 /* Params.m in Sources */ = {isa = PBXBuildFile; fileRef = 9DF8D3831818820A0041A9B6 /* Params.m */; };
		9DF8D3851818820A0041A9B6 /* Params.m in Sources */ = {isa = PBXBuildFile; fileRef = 9DF8D3831818820A0041A9B6 /* Params.m */; };
		9DFEA2261810BD0C0008CF39 /* GoogleMaps.bundle in Resources */ = {isa = PBXBuildFile; fileRef = 9DFEA2251810BD0C0008CF39 /* GoogleMaps.bundle */; };
		9DFEA2271810BD0C0008CF39 /* GoogleMaps.bundle in Resources */ = {isa = PBXBuildFile; fileRef = 9DFEA2251810BD0C0008CF39 /* GoogleMaps.bundle */; };
/* End PBXBuildFile section */

/* Begin PBXContainerItemProxy section */
		9DCB4A4717E6B3030096698D /* PBXContainerItemProxy */ = {
			isa = PBXContainerItemProxy;
			containerPortal = 9DCB4A1A17E6B3020096698D /* Project object */;
			proxyType = 1;
			remoteGlobalIDString = 9DCB4A2117E6B3020096698D;
			remoteInfo = "MU Bus Tracking";
		};
/* End PBXContainerItemProxy section */

/* Begin PBXFileReference section */
		152F9142183AFCE00014055F /* GoogleMaps.framework */ = {isa = PBXFileReference; lastKnownFileType = wrapper.framework; path = GoogleMaps.framework; sourceTree = "<group>"; };
		152F9144183B0F870014055F /* busStripped.png */ = {isa = PBXFileReference; lastKnownFileType = image.png; name = busStripped.png; path = Resources/busStripped.png; sourceTree = "<group>"; };
		1578DC5A17FDE79F006BE126 /* Icon.png */ = {isa = PBXFileReference; lastKnownFileType = image.png; name = Icon.png; path = ../Icon.png; sourceTree = "<group>"; };
		1578DC5C17FDE7E0006BE126 /* Icon@2x.png */ = {isa = PBXFileReference; lastKnownFileType = image.png; name = "Icon@2x.png"; path = "../Icon@2x.png"; sourceTree = "<group>"; };
		158661AE17F4D2750083BB68 /* Bus.h */ = {isa = PBXFileReference; fileEncoding = 4; lastKnownFileType = sourcecode.c.h; name = Bus.h; path = Model/Bus/Bus.h; sourceTree = "<group>"; };
		158661AF17F4D2750083BB68 /* Bus.m */ = {isa = PBXFileReference; fileEncoding = 4; lastKnownFileType = sourcecode.c.objc; name = Bus.m; path = Model/Bus/Bus.m; sourceTree = "<group>"; };
		158661B217F4D2A90083BB68 /* BusService.h */ = {isa = PBXFileReference; fileEncoding = 4; lastKnownFileType = sourcecode.c.h; name = BusService.h; path = Service/Bus/BusService.h; sourceTree = "<group>"; };
		158661B317F4D2A90083BB68 /* BusService.m */ = {isa = PBXFileReference; fileEncoding = 4; lastKnownFileType = sourcecode.c.objc; name = BusService.m; path = Service/Bus/BusService.m; sourceTree = "<group>"; };
		158661B517F4D2DC0083BB68 /* RouteService.h */ = {isa = PBXFileReference; fileEncoding = 4; lastKnownFileType = sourcecode.c.h; name = RouteService.h; path = Service/Route/RouteService.h; sourceTree = "<group>"; };
		158661B617F4D2DC0083BB68 /* RouteService.m */ = {isa = PBXFileReference; fileEncoding = 4; lastKnownFileType = sourcecode.c.objc; name = RouteService.m; path = Service/Route/RouteService.m; sourceTree = "<group>"; };
		15B523D41821A0CA005CCB61 /* FavSwitch.h */ = {isa = PBXFileReference; fileEncoding = 4; lastKnownFileType = sourcecode.c.h; name = FavSwitch.h; path = "MU Bus Tracking/Interface/SettingsView/FavSwitch.h"; sourceTree = "<group>"; };
		15B523D51821A0CA005CCB61 /* FavSwitch.m */ = {isa = PBXFileReference; fileEncoding = 4; lastKnownFileType = sourcecode.c.objc; name = FavSwitch.m; path = "MU Bus Tracking/Interface/SettingsView/FavSwitch.m"; sourceTree = "<group>"; };
		9D2CB52F17F47B1B005B4063 /* appicon.png */ = {isa = PBXFileReference; lastKnownFileType = image.png; name = appicon.png; path = Resources/appicon.png; sourceTree = "<group>"; };
		9D2CB53017F47B1B005B4063 /* bus_blue.png */ = {isa = PBXFileReference; lastKnownFileType = image.png; name = bus_blue.png; path = "Resources/Old Files/bus_blue.png"; sourceTree = "<group>"; };
		9D2CB53117F47B1B005B4063 /* bus_green.png */ = {isa = PBXFileReference; lastKnownFileType = image.png; name = bus_green.png; path = "Resources/Old Files/bus_green.png"; sourceTree = "<group>"; };
		9D2CB53217F47B1B005B4063 /* bus_orange.png */ = {isa = PBXFileReference; lastKnownFileType = image.png; name = bus_orange.png; path = "Resources/Old Files/bus_orange.png"; sourceTree = "<group>"; };
		9D2CB53317F47B1B005B4063 /* bus_purple1.png */ = {isa = PBXFileReference; lastKnownFileType = image.png; name = bus_purple1.png; path = "Resources/Old Files/bus_purple1.png"; sourceTree = "<group>"; };
		9D2CB53417F47B1B005B4063 /* bus_purple2.png */ = {isa = PBXFileReference; lastKnownFileType = image.png; name = bus_purple2.png; path = "Resources/Old Files/bus_purple2.png"; sourceTree = "<group>"; };
		9D2CB53517F47B1B005B4063 /* bus_red.png */ = {isa = PBXFileReference; lastKnownFileType = image.png; name = bus_red.png; path = "Resources/Old Files/bus_red.png"; sourceTree = "<group>"; };
		9D2CB53617F47B1B005B4063 /* bus_yellow.png */ = {isa = PBXFileReference; lastKnownFileType = image.png; name = bus_yellow.png; path = "Resources/Old Files/bus_yellow.png"; sourceTree = "<group>"; };
		9D2CB53717F47B1B005B4063 /* bus.png */ = {isa = PBXFileReference; lastKnownFileType = image.png; name = bus.png; path = Resources/bus.png; sourceTree = "<group>"; };
		9D2CB53817F47B1B005B4063 /* busstop.png */ = {isa = PBXFileReference; lastKnownFileType = image.png; name = busstop.png; path = Resources/busstop.png; sourceTree = "<group>"; };
		9D2CB53917F47B1B005B4063 /* image-iphone.png */ = {isa = PBXFileReference; lastKnownFileType = image.png; path = "image-iphone.png"; sourceTree = "<group>"; };
		9D2CB53A17F47B1B005B4063 /* miami-route-green-line.jpg */ = {isa = PBXFileReference; lastKnownFileType = image.jpeg; name = "miami-route-green-line.jpg"; path = "Resources/Old Files/miami-route-green-line.jpg"; sourceTree = "<group>"; };
		9D2CB53B17F47B1B005B4063 /* miami-route-orange-line.jpg */ = {isa = PBXFileReference; lastKnownFileType = image.jpeg; name = "miami-route-orange-line.jpg"; path = "Resources/Old Files/miami-route-orange-line.jpg"; sourceTree = "<group>"; };
		9D2CB53C17F47B1B005B4063 /* miami-route-purple-line.jpg */ = {isa = PBXFileReference; lastKnownFileType = image.jpeg; name = "miami-route-purple-line.jpg"; path = "Resources/Old Files/miami-route-purple-line.jpg"; sourceTree = "<group>"; };
		9D2CB53D17F47B1B005B4063 /* miami-route-red-line.jpg */ = {isa = PBXFileReference; lastKnownFileType = image.jpeg; name = "miami-route-red-line.jpg"; path = "Resources/Old Files/miami-route-red-line.jpg"; sourceTree = "<group>"; };
		9D2CB53E17F47B1B005B4063 /* miami-route-tan-line.jpg */ = {isa = PBXFileReference; lastKnownFileType = image.jpeg; name = "miami-route-tan-line.jpg"; path = "Resources/Old Files/miami-route-tan-line.jpg"; sourceTree = "<group>"; };
		9D2CB53F17F47B1B005B4063 /* miami-route-turquoise-line.jpg */ = {isa = PBXFileReference; lastKnownFileType = image.jpeg; name = "miami-route-turquoise-line.jpg"; path = "Resources/Old Files/miami-route-turquoise-line.jpg"; sourceTree = "<group>"; };
		9D31FA6117E76702000D2F36 /* SidebarViewController.h */ = {isa = PBXFileReference; fileEncoding = 4; lastKnownFileType = sourcecode.c.h; name = SidebarViewController.h; path = "MU Bus Tracking/Interface/SidebarView/SidebarViewController.h"; sourceTree = "<group>"; };
		9D31FA6217E76702000D2F36 /* SidebarViewController.m */ = {isa = PBXFileReference; fileEncoding = 4; lastKnownFileType = sourcecode.c.objc; name = SidebarViewController.m; path = "MU Bus Tracking/Interface/SidebarView/SidebarViewController.m"; sourceTree = "<group>"; };
		9D31FA6517E76722000D2F36 /* NewViewController.h */ = {isa = PBXFileReference; fileEncoding = 4; lastKnownFileType = sourcecode.c.h; name = NewViewController.h; path = "MU Bus Tracking/Interface/OtherViews/NewViewController.h"; sourceTree = "<group>"; };
		9D31FA6617E76722000D2F36 /* NewViewController.m */ = {isa = PBXFileReference; fileEncoding = 4; lastKnownFileType = sourcecode.c.objc; name = NewViewController.m; path = "MU Bus Tracking/Interface/OtherViews/NewViewController.m"; sourceTree = "<group>"; };
		9D31FA6917E77A4E000D2F36 /* ButtonMenu.png */ = {isa = PBXFileReference; lastKnownFileType = image.png; name = ButtonMenu.png; path = Resources/ButtonMenu.png; sourceTree = "<group>"; };
		9D31FA6A17E77A4E000D2F36 /* ButtonMenu@2x.png */ = {isa = PBXFileReference; lastKnownFileType = image.png; name = "ButtonMenu@2x.png"; path = "Resources/ButtonMenu@2x.png"; sourceTree = "<group>"; };
		9D3A99E817F4DAED006FA01E /* StopService.h */ = {isa = PBXFileReference; fileEncoding = 4; lastKnownFileType = sourcecode.c.h; name = StopService.h; path = Service/Stop/StopService.h; sourceTree = "<group>"; };
		9D3A99E917F4DAED006FA01E /* StopService.m */ = {isa = PBXFileReference; fileEncoding = 4; lastKnownFileType = sourcecode.c.objc; name = StopService.m; path = Service/Stop/StopService.m; sourceTree = "<group>"; };
		9D3A99F017F53F5C006FA01E /* Stop.h */ = {isa = PBXFileReference; fileEncoding = 4; lastKnownFileType = sourcecode.c.h; name = Stop.h; path = Model/Stop/Stop.h; sourceTree = "<group>"; };
		9D3A99F117F53F5C006FA01E /* Stop.m */ = {isa = PBXFileReference; fileEncoding = 4; lastKnownFileType = sourcecode.c.objc; name = Stop.m; path = Model/Stop/Stop.m; sourceTree = "<group>"; };
		9D3A99F417F638BF006FA01E /* OpeH1.png */ = {isa = PBXFileReference; lastKnownFileType = image.png; path = OpeH1.png; sourceTree = "<group>"; };
		9D888C5A18BBF7A10059706E /* SettingsView.h */ = {isa = PBXFileReference; fileEncoding = 4; lastKnownFileType = sourcecode.c.h; name = SettingsView.h; path = "MU Bus Tracking/Interface/SettingsView/SettingsView.h"; sourceTree = "<group>"; };
		9D888C5B18BBF7A10059706E /* SettingsView.m */ = {isa = PBXFileReference; fileEncoding = 4; lastKnownFileType = sourcecode.c.objc; name = SettingsView.m; path = "MU Bus Tracking/Interface/SettingsView/SettingsView.m"; sourceTree = "<group>"; };
		9D8917451807125800C3817E /* Route.h */ = {isa = PBXFileReference; fileEncoding = 4; lastKnownFileType = sourcecode.c.h; name = Route.h; path = Model/Route/Route.h; sourceTree = "<group>"; };
		9D8917461807125800C3817E /* Route.m */ = {isa = PBXFileReference; fileEncoding = 4; lastKnownFileType = sourcecode.c.objc; name = Route.m; path = Model/Route/Route.m; sourceTree = "<group>"; };
		9DA50F4F180C513400CD0336 /* ColorService.h */ = {isa = PBXFileReference; fileEncoding = 4; lastKnownFileType = sourcecode.c.h; name = ColorService.h; path = Service/Color/ColorService.h; sourceTree = "<group>"; };
		9DA50F50180C513400CD0336 /* ColorService.m */ = {isa = PBXFileReference; fileEncoding = 4; lastKnownFileType = sourcecode.c.objc; name = ColorService.m; path = Service/Color/ColorService.m; sourceTree = "<group>"; };
		9DCB4A2217E6B3020096698D /* MU Bus Tracking.app */ = {isa = PBXFileReference; explicitFileType = wrapper.application; includeInIndex = 0; path = "MU Bus Tracking.app"; sourceTree = BUILT_PRODUCTS_DIR; };
		9DCB4A2517E6B3020096698D /* UIKit.framework */ = {isa = PBXFileReference; lastKnownFileType = wrapper.framework; name = UIKit.framework; path = System/Library/Frameworks/UIKit.framework; sourceTree = SDKROOT; };
		9DCB4A2717E6B3020096698D /* Foundation.framework */ = {isa = PBXFileReference; lastKnownFileType = wrapper.framework; name = Foundation.framework; path = System/Library/Frameworks/Foundation.framework; sourceTree = SDKROOT; };
		9DCB4A2917E6B3020096698D /* CoreGraphics.framework */ = {isa = PBXFileReference; lastKnownFileType = wrapper.framework; name = CoreGraphics.framework; path = System/Library/Frameworks/CoreGraphics.framework; sourceTree = SDKROOT; };
		9DCB4A2D17E6B3020096698D /* MU Bus Tracking-Info.plist */ = {isa = PBXFileReference; lastKnownFileType = text.plist.xml; path = "MU Bus Tracking-Info.plist"; sourceTree = "<group>"; };
		9DCB4A2F17E6B3020096698D /* en */ = {isa = PBXFileReference; lastKnownFileType = text.plist.strings; name = en; path = en.lproj/InfoPlist.strings; sourceTree = "<group>"; };
		9DCB4A3117E6B3020096698D /* main.m */ = {isa = PBXFileReference; lastKnownFileType = sourcecode.c.objc; path = main.m; sourceTree = "<group>"; };
		9DCB4A3317E6B3020096698D /* MU Bus Tracking-Prefix.pch */ = {isa = PBXFileReference; lastKnownFileType = sourcecode.c.h; path = "MU Bus Tracking-Prefix.pch"; sourceTree = "<group>"; };
		9DCB4A3417E6B3020096698D /* AppDelegate.h */ = {isa = PBXFileReference; lastKnownFileType = sourcecode.c.h; name = AppDelegate.h; path = "MU Bus Tracking/Interface/AppDelegate.h"; sourceTree = "<group>"; };
		9DCB4A3517E6B3020096698D /* AppDelegate.m */ = {isa = PBXFileReference; lastKnownFileType = sourcecode.c.objc; name = AppDelegate.m; path = "MU Bus Tracking/Interface/AppDelegate.m"; sourceTree = "<group>"; };
		9DCB4A3717E6B3020096698D /* Default.png */ = {isa = PBXFileReference; lastKnownFileType = image.png; path = Default.png; sourceTree = "<group>"; };
		9DCB4A3917E6B3020096698D /* Default@2x.png */ = {isa = PBXFileReference; lastKnownFileType = image.png; path = "Default@2x.png"; sourceTree = "<group>"; };
		9DCB4A4217E6B3030096698D /* MU Bus TrackingTests.octest */ = {isa = PBXFileReference; explicitFileType = wrapper.cfbundle; includeInIndex = 0; path = "MU Bus TrackingTests.octest"; sourceTree = BUILT_PRODUCTS_DIR; };
		9DCB4A4317E6B3030096698D /* SenTestingKit.framework */ = {isa = PBXFileReference; lastKnownFileType = wrapper.framework; name = SenTestingKit.framework; path = Library/Frameworks/SenTestingKit.framework; sourceTree = DEVELOPER_DIR; };
		9DCB4A4B17E6B3030096698D /* MU Bus TrackingTests-Info.plist */ = {isa = PBXFileReference; lastKnownFileType = text.plist.xml; path = "MU Bus TrackingTests-Info.plist"; sourceTree = "<group>"; };
		9DCB4A4D17E6B3030096698D /* en */ = {isa = PBXFileReference; lastKnownFileType = text.plist.strings; name = en; path = en.lproj/InfoPlist.strings; sourceTree = "<group>"; };
		9DCB4A4F17E6B3030096698D /* MU_Bus_TrackingTests.h */ = {isa = PBXFileReference; lastKnownFileType = sourcecode.c.h; path = MU_Bus_TrackingTests.h; sourceTree = "<group>"; };
		9DCB4A5017E6B3030096698D /* MU_Bus_TrackingTests.m */ = {isa = PBXFileReference; lastKnownFileType = sourcecode.c.objc; path = MU_Bus_TrackingTests.m; sourceTree = "<group>"; };
		9DCB4A6517E6B5C50096698D /* JTRevealSidebarV2Delegate.h */ = {isa = PBXFileReference; fileEncoding = 4; lastKnownFileType = sourcecode.c.h; path = JTRevealSidebarV2Delegate.h; sourceTree = "<group>"; };
		9DCB4A6617E6B5C50096698D /* UINavigationItem+JTRevealSidebarV2.h */ = {isa = PBXFileReference; fileEncoding = 4; lastKnownFileType = sourcecode.c.h; path = "UINavigationItem+JTRevealSidebarV2.h"; sourceTree = "<group>"; };
		9DCB4A6717E6B5C50096698D /* UINavigationItem+JTRevealSidebarV2.m */ = {isa = PBXFileReference; fileEncoding = 4; lastKnownFileType = sourcecode.c.objc; path = "UINavigationItem+JTRevealSidebarV2.m"; sourceTree = "<group>"; };
		9DCB4A6817E6B5C50096698D /* UIViewController+JTRevealSidebarV2.h */ = {isa = PBXFileReference; fileEncoding = 4; lastKnownFileType = sourcecode.c.h; path = "UIViewController+JTRevealSidebarV2.h"; sourceTree = "<group>"; };
		9DCB4A6917E6B5C50096698D /* UIViewController+JTRevealSidebarV2.m */ = {isa = PBXFileReference; fileEncoding = 4; lastKnownFileType = sourcecode.c.objc; path = "UIViewController+JTRevealSidebarV2.m"; sourceTree = "<group>"; };
		9DCB4A7417E6BBB90096698D /* AVFoundation.framework */ = {isa = PBXFileReference; lastKnownFileType = wrapper.framework; name = AVFoundation.framework; path = System/Library/Frameworks/AVFoundation.framework; sourceTree = SDKROOT; };
		9DCB4A7517E6BBB90096698D /* CoreData.framework */ = {isa = PBXFileReference; lastKnownFileType = wrapper.framework; name = CoreData.framework; path = System/Library/Frameworks/CoreData.framework; sourceTree = SDKROOT; };
		9DCB4A7617E6BBB90096698D /* CoreLocation.framework */ = {isa = PBXFileReference; lastKnownFileType = wrapper.framework; name = CoreLocation.framework; path = System/Library/Frameworks/CoreLocation.framework; sourceTree = SDKROOT; };
		9DCB4A7717E6BBB90096698D /* CoreText.framework */ = {isa = PBXFileReference; lastKnownFileType = wrapper.framework; name = CoreText.framework; path = System/Library/Frameworks/CoreText.framework; sourceTree = SDKROOT; };
		9DCB4A7817E6BBB90096698D /* GLKit.framework */ = {isa = PBXFileReference; lastKnownFileType = wrapper.framework; name = GLKit.framework; path = System/Library/Frameworks/GLKit.framework; sourceTree = SDKROOT; };
		9DCB4A7917E6BBB90096698D /* ImageIO.framework */ = {isa = PBXFileReference; lastKnownFileType = wrapper.framework; name = ImageIO.framework; path = System/Library/Frameworks/ImageIO.framework; sourceTree = SDKROOT; };
		9DCB4A7A17E6BBB90096698D /* libc++.dylib */ = {isa = PBXFileReference; lastKnownFileType = "compiled.mach-o.dylib"; name = "libc++.dylib"; path = "usr/lib/libc++.dylib"; sourceTree = SDKROOT; };
		9DCB4A7B17E6BBB90096698D /* libicucore.dylib */ = {isa = PBXFileReference; lastKnownFileType = "compiled.mach-o.dylib"; name = libicucore.dylib; path = usr/lib/libicucore.dylib; sourceTree = SDKROOT; };
		9DCB4A7C17E6BBB90096698D /* libz.dylib */ = {isa = PBXFileReference; lastKnownFileType = "compiled.mach-o.dylib"; name = libz.dylib; path = usr/lib/libz.dylib; sourceTree = SDKROOT; };
		9DCB4A7D17E6BBB90096698D /* OpenGLES.framework */ = {isa = PBXFileReference; lastKnownFileType = wrapper.framework; name = OpenGLES.framework; path = System/Library/Frameworks/OpenGLES.framework; sourceTree = SDKROOT; };
		9DCB4A7E17E6BBB90096698D /* QuartzCore.framework */ = {isa = PBXFileReference; lastKnownFileType = wrapper.framework; name = QuartzCore.framework; path = System/Library/Frameworks/QuartzCore.framework; sourceTree = SDKROOT; };
		9DCB4A7F17E6BBB90096698D /* SystemConfiguration.framework */ = {isa = PBXFileReference; lastKnownFileType = wrapper.framework; name = SystemConfiguration.framework; path = System/Library/Frameworks/SystemConfiguration.framework; sourceTree = SDKROOT; };
		9DE46CCD184D394E00144525 /* Default-568h@2x.png */ = {isa = PBXFileReference; lastKnownFileType = image.png; path = "Default-568h@2x.png"; sourceTree = "<group>"; };
		9DF89254181C54CA002B7018 /* MapViewController.h */ = {isa = PBXFileReference; fileEncoding = 4; lastKnownFileType = sourcecode.c.h; name = MapViewController.h; path = "MU Bus Tracking/Interface/MapView/MapViewController.h"; sourceTree = "<group>"; };
		9DF89255181C54CA002B7018 /* MapViewController.m */ = {isa = PBXFileReference; fileEncoding = 4; lastKnownFileType = sourcecode.c.objc; name = MapViewController.m; path = "MU Bus Tracking/Interface/MapView/MapViewController.m"; sourceTree = "<group>"; };
		9DF89258181C650E002B7018 /* SettingsViewController.h */ = {isa = PBXFileReference; fileEncoding = 4; lastKnownFileType = sourcecode.c.h; name = SettingsViewController.h; path = "MU Bus Tracking/Interface/SettingsView/SettingsViewController.h"; sourceTree = "<group>"; };
		9DF89259181C650E002B7018 /* SettingsViewController.m */ = {isa = PBXFileReference; fileEncoding = 4; lastKnownFileType = sourcecode.c.objc; name = SettingsViewController.m; path = "MU Bus Tracking/Interface/SettingsView/SettingsViewController.m"; sourceTree = "<group>"; };
		9DF8D3821818820A0041A9B6 /* Params.h */ = {isa = PBXFileReference; fileEncoding = 4; lastKnownFileType = sourcecode.c.h; path = Params.h; sourceTree = "<group>"; };
		9DF8D3831818820A0041A9B6 /* Params.m */ = {isa = PBXFileReference; fileEncoding = 4; lastKnownFileType = sourcecode.c.objc; path = Params.m; sourceTree = "<group>"; };
		9DFEA2251810BD0C0008CF39 /* GoogleMaps.bundle */ = {isa = PBXFileReference; lastKnownFileType = "wrapper.plug-in"; path = GoogleMaps.bundle; sourceTree = "<group>"; };
/* End PBXFileReference section */

/* Begin PBXFrameworksBuildPhase section */
		9DCB4A1F17E6B3020096698D /* Frameworks */ = {
			isa = PBXFrameworksBuildPhase;
			buildActionMask = 2147483647;
			files = (
				9DCB4A8017E6BBB90096698D /* AVFoundation.framework in Frameworks */,
				9DCB4A8117E6BBB90096698D /* CoreData.framework in Frameworks */,
				9DCB4A8217E6BBB90096698D /* CoreLocation.framework in Frameworks */,
				9DCB4A8317E6BBB90096698D /* CoreText.framework in Frameworks */,
				9DCB4A8417E6BBB90096698D /* GLKit.framework in Frameworks */,
				9DCB4A8517E6BBB90096698D /* ImageIO.framework in Frameworks */,
				9DCB4A8617E6BBB90096698D /* libc++.dylib in Frameworks */,
				9DCB4A8717E6BBB90096698D /* libicucore.dylib in Frameworks */,
				9DCB4A8817E6BBB90096698D /* libz.dylib in Frameworks */,
				9DCB4A8917E6BBB90096698D /* OpenGLES.framework in Frameworks */,
				9DCB4A8A17E6BBB90096698D /* QuartzCore.framework in Frameworks */,
				9DCB4A8B17E6BBB90096698D /* SystemConfiguration.framework in Frameworks */,
				9DCB4A2617E6B3020096698D /* UIKit.framework in Frameworks */,
				9DCB4A2817E6B3020096698D /* Foundation.framework in Frameworks */,
				152F9143183AFCE00014055F /* GoogleMaps.framework in Frameworks */,
				9DCB4A2A17E6B3020096698D /* CoreGraphics.framework in Frameworks */,
			);
			runOnlyForDeploymentPostprocessing = 0;
		};
		9DCB4A3E17E6B3020096698D /* Frameworks */ = {
			isa = PBXFrameworksBuildPhase;
			buildActionMask = 2147483647;
			files = (
				9DCB4A4417E6B3030096698D /* SenTestingKit.framework in Frameworks */,
				9DCB4A4517E6B3030096698D /* UIKit.framework in Frameworks */,
				9DCB4A4617E6B3030096698D /* Foundation.framework in Frameworks */,
			);
			runOnlyForDeploymentPostprocessing = 0;
		};
/* End PBXFrameworksBuildPhase section */

/* Begin PBXGroup section */
		158661AD17F4D2570083BB68 /* Model */ = {
			isa = PBXGroup;
			children = (
				9D888C5118BBAECB0059706E /* Bus */,
				9D888C5218BBAED00059706E /* Stop */,
				9D888C5318BBAED70059706E /* Route */,
			);
			name = Model;
			sourceTree = "<group>";
		};
		158661B117F4D2930083BB68 /* Service */ = {
			isa = PBXGroup;
			children = (
				9D888C4C18BBAEA10059706E /* Bus */,
				9D888C4D18BBAEA80059706E /* Route */,
				9D888C4E18BBAEAE0059706E /* Stop */,
				9D888C5018BBAEBF0059706E /* Color */,
			);
			name = Service;
			sourceTree = "<group>";
		};
		9D888C4C18BBAEA10059706E /* Bus */ = {
			isa = PBXGroup;
			children = (
				158661B217F4D2A90083BB68 /* BusService.h */,
				158661B317F4D2A90083BB68 /* BusService.m */,
			);
			name = Bus;
			sourceTree = "<group>";
		};
		9D888C4D18BBAEA80059706E /* Route */ = {
			isa = PBXGroup;
			children = (
				158661B517F4D2DC0083BB68 /* RouteService.h */,
				158661B617F4D2DC0083BB68 /* RouteService.m */,
			);
			name = Route;
			sourceTree = "<group>";
		};
		9D888C4E18BBAEAE0059706E /* Stop */ = {
			isa = PBXGroup;
			children = (
				9D3A99E817F4DAED006FA01E /* StopService.h */,
				9D3A99E917F4DAED006FA01E /* StopService.m */,
			);
			name = Stop;
			sourceTree = "<group>";
		};
		9D888C5018BBAEBF0059706E /* Color */ = {
			isa = PBXGroup;
			children = (
				9DA50F4F180C513400CD0336 /* ColorService.h */,
				9DA50F50180C513400CD0336 /* ColorService.m */,
			);
			name = Color;
			sourceTree = "<group>";
		};
		9D888C5118BBAECB0059706E /* Bus */ = {
			isa = PBXGroup;
			children = (
				158661AE17F4D2750083BB68 /* Bus.h */,
				158661AF17F4D2750083BB68 /* Bus.m */,
			);
			name = Bus;
			sourceTree = "<group>";
		};
		9D888C5218BBAED00059706E /* Stop */ = {
			isa = PBXGroup;
			children = (
				9D3A99F017F53F5C006FA01E /* Stop.h */,
				9D3A99F117F53F5C006FA01E /* Stop.m */,
			);
			name = Stop;
			sourceTree = "<group>";
		};
		9D888C5318BBAED70059706E /* Route */ = {
			isa = PBXGroup;
			children = (
				9D8917451807125800C3817E /* Route.h */,
				9D8917461807125800C3817E /* Route.m */,
			);
			name = Route;
			sourceTree = "<group>";
		};
		9D888C5418BBAFA20059706E /* MapView */ = {
			isa = PBXGroup;
			children = (
				9DF89254181C54CA002B7018 /* MapViewController.h */,
				9DF89255181C54CA002B7018 /* MapViewController.m */,
			);
			name = MapView;
			sourceTree = "<group>";
		};
		9D888C5518BBAFAB0059706E /* SidebarView */ = {
			isa = PBXGroup;
			children = (
				9D31FA6117E76702000D2F36 /* SidebarViewController.h */,
				9D31FA6217E76702000D2F36 /* SidebarViewController.m */,
			);
			name = SidebarView;
			sourceTree = "<group>";
		};
		9D888C5618BBAFC80059706E /* SettingsView */ = {
			isa = PBXGroup;
			children = (
				9DF89258181C650E002B7018 /* SettingsViewController.h */,
				9DF89259181C650E002B7018 /* SettingsViewController.m */,
				15B523D41821A0CA005CCB61 /* FavSwitch.h */,
				15B523D51821A0CA005CCB61 /* FavSwitch.m */,
				9D888C5A18BBF7A10059706E /* SettingsView.h */,
				9D888C5B18BBF7A10059706E /* SettingsView.m */,
			);
			name = SettingsView;
			sourceTree = "<group>";
		};
		9D888C5718BBAFCF0059706E /* OtherViews */ = {
			isa = PBXGroup;
			children = (
				9D31FA6517E76722000D2F36 /* NewViewController.h */,
				9D31FA6617E76722000D2F36 /* NewViewController.m */,
			);
			name = OtherViews;
			sourceTree = "<group>";
		};
		9D888C5818BBB2C30059706E /* App Design */ = {
			isa = PBXGroup;
			children = (
				9DCB4A3717E6B3020096698D /* Default.png */,
				9DCB4A3917E6B3020096698D /* Default@2x.png */,
				9DE46CCD184D394E00144525 /* Default-568h@2x.png */,
				1578DC5C17FDE7E0006BE126 /* Icon@2x.png */,
				1578DC5A17FDE79F006BE126 /* Icon.png */,
			);
			name = "App Design";
			sourceTree = "<group>";
		};
		9D888C5918BBB3C00059706E /* Old Files */ = {
			isa = PBXGroup;
			children = (
				9D2CB53017F47B1B005B4063 /* bus_blue.png */,
				9D2CB53117F47B1B005B4063 /* bus_green.png */,
				9D2CB53217F47B1B005B4063 /* bus_orange.png */,
				9D2CB53317F47B1B005B4063 /* bus_purple1.png */,
				9D2CB53417F47B1B005B4063 /* bus_purple2.png */,
				9D2CB53517F47B1B005B4063 /* bus_red.png */,
				9D2CB53617F47B1B005B4063 /* bus_yellow.png */,
				9D2CB53A17F47B1B005B4063 /* miami-route-green-line.jpg */,
				9D2CB53B17F47B1B005B4063 /* miami-route-orange-line.jpg */,
				9D2CB53C17F47B1B005B4063 /* miami-route-purple-line.jpg */,
				9D2CB53D17F47B1B005B4063 /* miami-route-red-line.jpg */,
				9D2CB53E17F47B1B005B4063 /* miami-route-tan-line.jpg */,
				9D2CB53F17F47B1B005B4063 /* miami-route-turquoise-line.jpg */,
			);
			name = "Old Files";
			sourceTree = "<group>";
		};
		9DCB4A1917E6B3020096698D = {
			isa = PBXGroup;
			children = (
				9DCB4A6417E6B5A40096698D /* JTRevealSidebarV2 */,
				9DCB4A2B17E6B3020096698D /* MU Bus Tracking */,
				9DCB4A4917E6B3030096698D /* MU Bus TrackingTests */,
				9DCB4A2417E6B3020096698D /* Frameworks */,
				9DCB4A2317E6B3020096698D /* Products */,
			);
			sourceTree = "<group>";
		};
		9DCB4A2317E6B3020096698D /* Products */ = {
			isa = PBXGroup;
			children = (
				9DCB4A2217E6B3020096698D /* MU Bus Tracking.app */,
				9DCB4A4217E6B3030096698D /* MU Bus TrackingTests.octest */,
			);
			name = Products;
			sourceTree = "<group>";
		};
		9DCB4A2417E6B3020096698D /* Frameworks */ = {
			isa = PBXGroup;
			children = (
				152F9142183AFCE00014055F /* GoogleMaps.framework */,
				9DFEA2251810BD0C0008CF39 /* GoogleMaps.bundle */,
				9DCB4A7417E6BBB90096698D /* AVFoundation.framework */,
				9DCB4A7517E6BBB90096698D /* CoreData.framework */,
				9DCB4A7617E6BBB90096698D /* CoreLocation.framework */,
				9DCB4A7717E6BBB90096698D /* CoreText.framework */,
				9DCB4A7817E6BBB90096698D /* GLKit.framework */,
				9DCB4A7917E6BBB90096698D /* ImageIO.framework */,
				9DCB4A7A17E6BBB90096698D /* libc++.dylib */,
				9DCB4A7B17E6BBB90096698D /* libicucore.dylib */,
				9DCB4A7C17E6BBB90096698D /* libz.dylib */,
				9DCB4A7D17E6BBB90096698D /* OpenGLES.framework */,
				9DCB4A7E17E6BBB90096698D /* QuartzCore.framework */,
				9DCB4A7F17E6BBB90096698D /* SystemConfiguration.framework */,
				9DCB4A2517E6B3020096698D /* UIKit.framework */,
				9DCB4A2717E6B3020096698D /* Foundation.framework */,
				9DCB4A2917E6B3020096698D /* CoreGraphics.framework */,
				9DCB4A4317E6B3030096698D /* SenTestingKit.framework */,
			);
			name = Frameworks;
			sourceTree = "<group>";
		};
		9DCB4A2B17E6B3020096698D /* MU Bus Tracking */ = {
			isa = PBXGroup;
			children = (
				158661B117F4D2930083BB68 /* Service */,
				158661AD17F4D2570083BB68 /* Model */,
				9DF8D379181874640041A9B6 /* Interface */,
				9DCB4A2C17E6B3020096698D /* Supporting Files */,
			);
			path = "MU Bus Tracking";
			sourceTree = "<group>";
		};
		9DCB4A2C17E6B3020096698D /* Supporting Files */ = {
			isa = PBXGroup;
			children = (
				9DF8D37A181874910041A9B6 /* Pictures */,
				9DCB4A2D17E6B3020096698D /* MU Bus Tracking-Info.plist */,
				9DCB4A2E17E6B3020096698D /* InfoPlist.strings */,
				9DCB4A3117E6B3020096698D /* main.m */,
				9DCB4A3317E6B3020096698D /* MU Bus Tracking-Prefix.pch */,
				9D888C5818BBB2C30059706E /* App Design */,
			);
			name = "Supporting Files";
			sourceTree = "<group>";
		};
		9DCB4A4917E6B3030096698D /* MU Bus TrackingTests */ = {
			isa = PBXGroup;
			children = (
				9DCB4A4F17E6B3030096698D /* MU_Bus_TrackingTests.h */,
				9DCB4A5017E6B3030096698D /* MU_Bus_TrackingTests.m */,
				9DCB4A4A17E6B3030096698D /* Supporting Files */,
			);
			path = "MU Bus TrackingTests";
			sourceTree = "<group>";
		};
		9DCB4A4A17E6B3030096698D /* Supporting Files */ = {
			isa = PBXGroup;
			children = (
				9DCB4A4B17E6B3030096698D /* MU Bus TrackingTests-Info.plist */,
				9DCB4A4C17E6B3030096698D /* InfoPlist.strings */,
			);
			name = "Supporting Files";
			sourceTree = "<group>";
		};
		9DCB4A6417E6B5A40096698D /* JTRevealSidebarV2 */ = {
			isa = PBXGroup;
			children = (
				9DCB4A6517E6B5C50096698D /* JTRevealSidebarV2Delegate.h */,
				9DCB4A6617E6B5C50096698D /* UINavigationItem+JTRevealSidebarV2.h */,
				9DCB4A6717E6B5C50096698D /* UINavigationItem+JTRevealSidebarV2.m */,
				9DCB4A6817E6B5C50096698D /* UIViewController+JTRevealSidebarV2.h */,
				9DCB4A6917E6B5C50096698D /* UIViewController+JTRevealSidebarV2.m */,
			);
			path = JTRevealSidebarV2;
			sourceTree = "<group>";
		};
		9DF8D379181874640041A9B6 /* Interface */ = {
			isa = PBXGroup;
			children = (
				9DCB4A3417E6B3020096698D /* AppDelegate.h */,
				9DCB4A3517E6B3020096698D /* AppDelegate.m */,
				9D888C5418BBAFA20059706E /* MapView */,
				9D888C5518BBAFAB0059706E /* SidebarView */,
				9D888C5618BBAFC80059706E /* SettingsView */,
				9DF8D3821818820A0041A9B6 /* Params.h */,
				9DF8D3831818820A0041A9B6 /* Params.m */,
				9D888C5718BBAFCF0059706E /* OtherViews */,
			);
			name = Interface;
			path = ..;
			sourceTree = "<group>";
		};
		9DF8D37A181874910041A9B6 /* Pictures */ = {
			isa = PBXGroup;
			children = (
				152F9144183B0F870014055F /* busStripped.png */,
				9D3A99F417F638BF006FA01E /* OpeH1.png */,
				9D2CB52F17F47B1B005B4063 /* appicon.png */,
				9D888C5918BBB3C00059706E /* Old Files */,
				9D2CB53717F47B1B005B4063 /* bus.png */,
				9D2CB53817F47B1B005B4063 /* busstop.png */,
				9D2CB53917F47B1B005B4063 /* image-iphone.png */,
				9D31FA6917E77A4E000D2F36 /* ButtonMenu.png */,
				9D31FA6A17E77A4E000D2F36 /* ButtonMenu@2x.png */,
			);
			name = Pictures;
			sourceTree = "<group>";
		};
/* End PBXGroup section */

/* Begin PBXNativeTarget section */
		9DCB4A2117E6B3020096698D /* MU Bus Tracking */ = {
			isa = PBXNativeTarget;
			buildConfigurationList = 9DCB4A5417E6B3030096698D /* Build configuration list for PBXNativeTarget "MU Bus Tracking" */;
			buildPhases = (
				9DCB4A1E17E6B3020096698D /* Sources */,
				9DCB4A1F17E6B3020096698D /* Frameworks */,
				9DCB4A2017E6B3020096698D /* Resources */,
			);
			buildRules = (
			);
			dependencies = (
			);
			name = "MU Bus Tracking";
			productName = "MU Bus Tracking";
			productReference = 9DCB4A2217E6B3020096698D /* MU Bus Tracking.app */;
			productType = "com.apple.product-type.application";
		};
		9DCB4A4117E6B3020096698D /* MU Bus TrackingTests */ = {
			isa = PBXNativeTarget;
			buildConfigurationList = 9DCB4A5717E6B3030096698D /* Build configuration list for PBXNativeTarget "MU Bus TrackingTests" */;
			buildPhases = (
				9DCB4A3D17E6B3020096698D /* Sources */,
				9DCB4A3E17E6B3020096698D /* Frameworks */,
				9DCB4A3F17E6B3020096698D /* Resources */,
				9DCB4A4017E6B3020096698D /* ShellScript */,
			);
			buildRules = (
			);
			dependencies = (
				9DCB4A4817E6B3030096698D /* PBXTargetDependency */,
			);
			name = "MU Bus TrackingTests";
			productName = "MU Bus TrackingTests";
			productReference = 9DCB4A4217E6B3030096698D /* MU Bus TrackingTests.octest */;
			productType = "com.apple.product-type.bundle";
		};
/* End PBXNativeTarget section */

/* Begin PBXProject section */
		9DCB4A1A17E6B3020096698D /* Project object */ = {
			isa = PBXProject;
			attributes = {
				LastUpgradeCheck = 0500;
				ORGANIZATIONNAME = "Jake Gregg";
				TargetAttributes = {
					9DCB4A2117E6B3020096698D = {
						DevelopmentTeam = LKH652Q487;
					};
				};
			};
			buildConfigurationList = 9DCB4A1D17E6B3020096698D /* Build configuration list for PBXProject "MU Bus Tracking" */;
			compatibilityVersion = "Xcode 3.2";
			developmentRegion = English;
			hasScannedForEncodings = 0;
			knownRegions = (
				en,
			);
			mainGroup = 9DCB4A1917E6B3020096698D;
			productRefGroup = 9DCB4A2317E6B3020096698D /* Products */;
			projectDirPath = "";
			projectRoot = "";
			targets = (
				9DCB4A2117E6B3020096698D /* MU Bus Tracking */,
				9DCB4A4117E6B3020096698D /* MU Bus TrackingTests */,
			);
		};
/* End PBXProject section */

/* Begin PBXResourcesBuildPhase section */
		9DCB4A2017E6B3020096698D /* Resources */ = {
			isa = PBXResourcesBuildPhase;
			buildActionMask = 2147483647;
			files = (
				9DCB4A3017E6B3020096698D /* InfoPlist.strings in Resources */,
				9DCB4A3817E6B3020096698D /* Default.png in Resources */,
				9DCB4A3A17E6B3020096698D /* Default@2x.png in Resources */,
				9D31FA6B17E77A4E000D2F36 /* ButtonMenu.png in Resources */,
				9D31FA6D17E77A4E000D2F36 /* ButtonMenu@2x.png in Resources */,
				9D2CB54217F47B1B005B4063 /* appicon.png in Resources */,
				9DE46CCE184D394E00144525 /* Default-568h@2x.png in Resources */,
				9D2CB54417F47B1B005B4063 /* bus_blue.png in Resources */,
				9D2CB54617F47B1B005B4063 /* bus_green.png in Resources */,
				9D2CB54817F47B1B005B4063 /* bus_orange.png in Resources */,
				9DFEA2261810BD0C0008CF39 /* GoogleMaps.bundle in Resources */,
				9D2CB54A17F47B1B005B4063 /* bus_purple1.png in Resources */,
				9D2CB54C17F47B1B005B4063 /* bus_purple2.png in Resources */,
				9D2CB54E17F47B1B005B4063 /* bus_red.png in Resources */,
				9D2CB55017F47B1B005B4063 /* bus_yellow.png in Resources */,
				152F9145183B0F880014055F /* busStripped.png in Resources */,
				9D2CB55217F47B1B005B4063 /* bus.png in Resources */,
				9D2CB55417F47B1B005B4063 /* busstop.png in Resources */,
				9D2CB55617F47B1B005B4063 /* image-iphone.png in Resources */,
				9D2CB55817F47B1B005B4063 /* miami-route-green-line.jpg in Resources */,
				9D2CB55A17F47B1B005B4063 /* miami-route-orange-line.jpg in Resources */,
				9D2CB55C17F47B1B005B4063 /* miami-route-purple-line.jpg in Resources */,
				9D2CB55E17F47B1B005B4063 /* miami-route-red-line.jpg in Resources */,
				9D2CB56017F47B1B005B4063 /* miami-route-tan-line.jpg in Resources */,
				9D3A99F517F638BF006FA01E /* OpeH1.png in Resources */,
				9D2CB56217F47B1B005B4063 /* miami-route-turquoise-line.jpg in Resources */,
				1578DC5B17FDE79F006BE126 /* Icon.png in Resources */,
				1578DC5D17FDE7E0006BE126 /* Icon@2x.png in Resources */,
			);
			runOnlyForDeploymentPostprocessing = 0;
		};
		9DCB4A3F17E6B3020096698D /* Resources */ = {
			isa = PBXResourcesBuildPhase;
			buildActionMask = 2147483647;
			files = (
				9DCB4A4E17E6B3030096698D /* InfoPlist.strings in Resources */,
				9D31FA6C17E77A4E000D2F36 /* ButtonMenu.png in Resources */,
				9D31FA6E17E77A4E000D2F36 /* ButtonMenu@2x.png in Resources */,
				9D2CB54317F47B1B005B4063 /* appicon.png in Resources */,
				9D2CB54517F47B1B005B4063 /* bus_blue.png in Resources */,
				9D2CB54717F47B1B005B4063 /* bus_green.png in Resources */,
				9D2CB54917F47B1B005B4063 /* bus_orange.png in Resources */,
				9D2CB54B17F47B1B005B4063 /* bus_purple1.png in Resources */,
				9D2CB54D17F47B1B005B4063 /* bus_purple2.png in Resources */,
				9D2CB54F17F47B1B005B4063 /* bus_red.png in Resources */,
				9D2CB55117F47B1B005B4063 /* bus_yellow.png in Resources */,
				9D2CB55317F47B1B005B4063 /* bus.png in Resources */,
				9D2CB55517F47B1B005B4063 /* busstop.png in Resources */,
				9D2CB55717F47B1B005B4063 /* image-iphone.png in Resources */,
				9D2CB55917F47B1B005B4063 /* miami-route-green-line.jpg in Resources */,
				9DFEA2271810BD0C0008CF39 /* GoogleMaps.bundle in Resources */,
				9D2CB55B17F47B1B005B4063 /* miami-route-orange-line.jpg in Resources */,
				9DE46CCF184D394E00144525 /* Default-568h@2x.png in Resources */,
				9D3A99F617F638BF006FA01E /* OpeH1.png in Resources */,
				9D2CB55D17F47B1B005B4063 /* miami-route-purple-line.jpg in Resources */,
				9D2CB55F17F47B1B005B4063 /* miami-route-red-line.jpg in Resources */,
				9D2CB56117F47B1B005B4063 /* miami-route-tan-line.jpg in Resources */,
				9D2CB56317F47B1B005B4063 /* miami-route-turquoise-line.jpg in Resources */,
			);
			runOnlyForDeploymentPostprocessing = 0;
		};
/* End PBXResourcesBuildPhase section */

/* Begin PBXShellScriptBuildPhase section */
		9DCB4A4017E6B3020096698D /* ShellScript */ = {
			isa = PBXShellScriptBuildPhase;
			buildActionMask = 2147483647;
			files = (
			);
			inputPaths = (
			);
			outputPaths = (
			);
			runOnlyForDeploymentPostprocessing = 0;
			shellPath = /bin/sh;
			shellScript = "# Run the unit tests in this test bundle.\n\"${SYSTEM_DEVELOPER_DIR}/Tools/RunUnitTests\"\n";
		};
/* End PBXShellScriptBuildPhase section */

/* Begin PBXSourcesBuildPhase section */
		9DCB4A1E17E6B3020096698D /* Sources */ = {
			isa = PBXSourcesBuildPhase;
			buildActionMask = 2147483647;
			files = (
				9DCB4A3217E6B3020096698D /* main.m in Sources */,
				9D3A99EA17F4DAED006FA01E /* StopService.m in Sources */,
				9DCB4A3617E6B3020096698D /* AppDelegate.m in Sources */,
				9DF8925A181C650E002B7018 /* SettingsViewController.m in Sources */,
				15B523D61821A0CA005CCB61 /* FavSwitch.m in Sources */,
				9DCB4A6A17E6B5C50096698D /* UINavigationItem+JTRevealSidebarV2.m in Sources */,
				9DCB4A6C17E6B5C50096698D /* UIViewController+JTRevealSidebarV2.m in Sources */,
				9D31FA6317E76702000D2F36 /* SidebarViewController.m in Sources */,
				9DF8D3841818820A0041A9B6 /* Params.m in Sources */,
				9D31FA6717E76722000D2F36 /* NewViewController.m in Sources */,
				158661B017F4D2750083BB68 /* Bus.m in Sources */,
				9DA50F51180C513400CD0336 /* ColorService.m in Sources */,
				158661B417F4D2A90083BB68 /* BusService.m in Sources */,
				158661B717F4D2DC0083BB68 /* RouteService.m in Sources */,
				9D3A99F217F53F5C006FA01E /* Stop.m in Sources */,
				9DF89256181C54CA002B7018 /* MapViewController.m in Sources */,
				9D8917471807125800C3817E /* Route.m in Sources */,
				9D888C5C18BBF7A10059706E /* SettingsView.m in Sources */,
			);
			runOnlyForDeploymentPostprocessing = 0;
		};
		9DCB4A3D17E6B3020096698D /* Sources */ = {
			isa = PBXSourcesBuildPhase;
			buildActionMask = 2147483647;
			files = (
				9DCB4A5117E6B3030096698D /* MU_Bus_TrackingTests.m in Sources */,
				9DCB4A6B17E6B5C50096698D /* UINavigationItem+JTRevealSidebarV2.m in Sources */,
				9DCB4A6D17E6B5C50096698D /* UIViewController+JTRevealSidebarV2.m in Sources */,
				9DF8925B181C650E002B7018 /* SettingsViewController.m in Sources */,
				9D8917481807125800C3817E /* Route.m in Sources */,
				9D31FA6417E76702000D2F36 /* SidebarViewController.m in Sources */,
				9DF89257181C54CA002B7018 /* MapViewController.m in Sources */,
				15B523D71821A0CA005CCB61 /* FavSwitch.m in Sources */,
				9D31FA6817E76722000D2F36 /* NewViewController.m in Sources */,
				9D3A99EB17F4DAED006FA01E /* StopService.m in Sources */,
				9DA50F52180C513400CD0336 /* ColorService.m in Sources */,
				9D3A99F317F53F5C006FA01E /* Stop.m in Sources */,
				9DF8D3851818820A0041A9B6 /* Params.m in Sources */,
			);
			runOnlyForDeploymentPostprocessing = 0;
		};
/* End PBXSourcesBuildPhase section */

/* Begin PBXTargetDependency section */
		9DCB4A4817E6B3030096698D /* PBXTargetDependency */ = {
			isa = PBXTargetDependency;
			target = 9DCB4A2117E6B3020096698D /* MU Bus Tracking */;
			targetProxy = 9DCB4A4717E6B3030096698D /* PBXContainerItemProxy */;
		};
/* End PBXTargetDependency section */

/* Begin PBXVariantGroup section */
		9DCB4A2E17E6B3020096698D /* InfoPlist.strings */ = {
			isa = PBXVariantGroup;
			children = (
				9DCB4A2F17E6B3020096698D /* en */,
			);
			name = InfoPlist.strings;
			sourceTree = "<group>";
		};
		9DCB4A4C17E6B3030096698D /* InfoPlist.strings */ = {
			isa = PBXVariantGroup;
			children = (
				9DCB4A4D17E6B3030096698D /* en */,
			);
			name = InfoPlist.strings;
			sourceTree = "<group>";
		};
/* End PBXVariantGroup section */

/* Begin XCBuildConfiguration section */
		9DCB4A5217E6B3030096698D /* Debug */ = {
			isa = XCBuildConfiguration;
			buildSettings = {
				ALWAYS_SEARCH_USER_PATHS = NO;
				CLANG_CXX_LANGUAGE_STANDARD = "gnu++0x";
				CLANG_CXX_LIBRARY = "libc++";
				CLANG_ENABLE_OBJC_ARC = YES;
				CLANG_WARN_CONSTANT_CONVERSION = YES;
				CLANG_WARN_EMPTY_BODY = YES;
				CLANG_WARN_ENUM_CONVERSION = YES;
				CLANG_WARN_INT_CONVERSION = YES;
				CLANG_WARN__DUPLICATE_METHOD_MATCH = YES;
				"CODE_SIGN_IDENTITY[sdk=iphoneos*]" = "iPhone Developer";
				COPY_PHASE_STRIP = NO;
				GCC_C_LANGUAGE_STANDARD = gnu99;
				GCC_DYNAMIC_NO_PIC = NO;
				GCC_OPTIMIZATION_LEVEL = 0;
				GCC_PREPROCESSOR_DEFINITIONS = (
					"DEBUG=1",
					"$(inherited)",
				);
				GCC_SYMBOLS_PRIVATE_EXTERN = NO;
				GCC_WARN_ABOUT_RETURN_TYPE = YES;
				GCC_WARN_UNINITIALIZED_AUTOS = YES;
				GCC_WARN_UNUSED_VARIABLE = YES;
				IPHONEOS_DEPLOYMENT_TARGET = 6.1;
				ONLY_ACTIVE_ARCH = YES;
				OTHER_LDFLAGS = "-ObjC";
				SDKROOT = iphoneos;
			};
			name = Debug;
		};
		9DCB4A5317E6B3030096698D /* Release */ = {
			isa = XCBuildConfiguration;
			buildSettings = {
				ALWAYS_SEARCH_USER_PATHS = NO;
				CLANG_CXX_LANGUAGE_STANDARD = "gnu++0x";
				CLANG_CXX_LIBRARY = "libc++";
				CLANG_ENABLE_OBJC_ARC = YES;
				CLANG_WARN_CONSTANT_CONVERSION = YES;
				CLANG_WARN_EMPTY_BODY = YES;
				CLANG_WARN_ENUM_CONVERSION = YES;
				CLANG_WARN_INT_CONVERSION = YES;
				CLANG_WARN__DUPLICATE_METHOD_MATCH = YES;
				"CODE_SIGN_IDENTITY[sdk=iphoneos*]" = "iPhone Developer";
				COPY_PHASE_STRIP = YES;
				GCC_C_LANGUAGE_STANDARD = gnu99;
				GCC_WARN_ABOUT_RETURN_TYPE = YES;
				GCC_WARN_UNINITIALIZED_AUTOS = YES;
				GCC_WARN_UNUSED_VARIABLE = YES;
				IPHONEOS_DEPLOYMENT_TARGET = 6.1;
				OTHER_CFLAGS = "-DNS_BLOCK_ASSERTIONS=1";
				OTHER_LDFLAGS = "-ObjC";
				SDKROOT = iphoneos;
				VALIDATE_PRODUCT = YES;
			};
			name = Release;
		};
		9DCB4A5517E6B3030096698D /* Debug */ = {
			isa = XCBuildConfiguration;
			buildSettings = {
				CODE_SIGN_IDENTITY = "iPhone Developer";
				"CODE_SIGN_IDENTITY[sdk=iphoneos*]" = "iPhone Developer";
				FRAMEWORK_SEARCH_PATHS = (
					"$(inherited)",
					"$(SRCROOT)",
					"/Users/smartkid1965/Downloads/GoogleMaps-iOS-1.5.0",
					"/Users/smartkid1965/Documents/DOC/FALL\\ 2013/CAPSTONE/MUBusTracking",
					"/Users/petemk/Downloads/GoogleMaps-iOS-1.5.0",
					/Users/petemk/MUBusTracking,
				);
				GCC_PRECOMPILE_PREFIX_HEADER = YES;
				GCC_PREFIX_HEADER = "MU Bus Tracking/MU Bus Tracking-Prefix.pch";
				INFOPLIST_FILE = "MU Bus Tracking/MU Bus Tracking-Info.plist";
				PRODUCT_NAME = "$(TARGET_NAME)";
				PROVISIONING_PROFILE = "";
				WRAPPER_EXTENSION = app;
			};
			name = Debug;
		};
		9DCB4A5617E6B3030096698D /* Release */ = {
			isa = XCBuildConfiguration;
			buildSettings = {
				CODE_SIGN_IDENTITY = "iPhone Developer";
				"CODE_SIGN_IDENTITY[sdk=iphoneos*]" = "iPhone Developer";
				FRAMEWORK_SEARCH_PATHS = (
					"$(inherited)",
					"$(SRCROOT)",
					"/Users/smartkid1965/Downloads/GoogleMaps-iOS-1.5.0",
					"/Users/smartkid1965/Documents/DOC/FALL\\ 2013/CAPSTONE/MUBusTracking",
					"/Users/petemk/Downloads/GoogleMaps-iOS-1.5.0",
					/Users/petemk/MUBusTracking,
				);
				GCC_PRECOMPILE_PREFIX_HEADER = YES;
				GCC_PREFIX_HEADER = "MU Bus Tracking/MU Bus Tracking-Prefix.pch";
				INFOPLIST_FILE = "MU Bus Tracking/MU Bus Tracking-Info.plist";
				PRODUCT_NAME = "$(TARGET_NAME)";
				PROVISIONING_PROFILE = "";
				WRAPPER_EXTENSION = app;
			};
			name = Release;
		};
		9DCB4A5817E6B3030096698D /* Debug */ = {
			isa = XCBuildConfiguration;
			buildSettings = {
				BUNDLE_LOADER = "$(BUILT_PRODUCTS_DIR)/MU Bus Tracking.app/MU Bus Tracking";
				FRAMEWORK_SEARCH_PATHS = (
					"\\\"$(SDKROOT)/Developer/Library/Frameworks\\\"",
					"\\\"$(DEVELOPER_LIBRARY_DIR)/Frameworks\\\"",
					"$(SRCROOT)",
					"/Users/smartkid1965/Documents/DOC/FALL\\ 2013/CAPSTONE/MUBusTracking",
				);
				GCC_PRECOMPILE_PREFIX_HEADER = YES;
				GCC_PREFIX_HEADER = "MU Bus Tracking/MU Bus Tracking-Prefix.pch";
				INFOPLIST_FILE = "MU Bus TrackingTests/MU Bus TrackingTests-Info.plist";
				PRODUCT_NAME = "$(TARGET_NAME)";
				TEST_HOST = "$(BUNDLE_LOADER)";
				WRAPPER_EXTENSION = octest;
			};
			name = Debug;
		};
		9DCB4A5917E6B3030096698D /* Release */ = {
			isa = XCBuildConfiguration;
			buildSettings = {
				BUNDLE_LOADER = "$(BUILT_PRODUCTS_DIR)/MU Bus Tracking.app/MU Bus Tracking";
				FRAMEWORK_SEARCH_PATHS = (
					"\\\"$(SDKROOT)/Developer/Library/Frameworks\\\"",
					"\\\"$(DEVELOPER_LIBRARY_DIR)/Frameworks\\\"",
					"$(SRCROOT)",
					"/Users/smartkid1965/Documents/DOC/FALL\\ 2013/CAPSTONE/MUBusTracking",
				);
				GCC_PRECOMPILE_PREFIX_HEADER = YES;
				GCC_PREFIX_HEADER = "MU Bus Tracking/MU Bus Tracking-Prefix.pch";
				INFOPLIST_FILE = "MU Bus TrackingTests/MU Bus TrackingTests-Info.plist";
				PRODUCT_NAME = "$(TARGET_NAME)";
				TEST_HOST = "$(BUNDLE_LOADER)";
				WRAPPER_EXTENSION = octest;
			};
			name = Release;
		};
/* End XCBuildConfiguration section */

/* Begin XCConfigurationList section */
		9DCB4A1D17E6B3020096698D /* Build configuration list for PBXProject "MU Bus Tracking" */ = {
			isa = XCConfigurationList;
			buildConfigurations = (
				9DCB4A5217E6B3030096698D /* Debug */,
				9DCB4A5317E6B3030096698D /* Release */,
			);
			defaultConfigurationIsVisible = 0;
			defaultConfigurationName = Release;
		};
		9DCB4A5417E6B3030096698D /* Build configuration list for PBXNativeTarget "MU Bus Tracking" */ = {
			isa = XCConfigurationList;
			buildConfigurations = (
				9DCB4A5517E6B3030096698D /* Debug */,
				9DCB4A5617E6B3030096698D /* Release */,
			);
			defaultConfigurationIsVisible = 0;
			defaultConfigurationName = Release;
		};
		9DCB4A5717E6B3030096698D /* Build configuration list for PBXNativeTarget "MU Bus TrackingTests" */ = {
			isa = XCConfigurationList;
			buildConfigurations = (
				9DCB4A5817E6B3030096698D /* Debug */,
				9DCB4A5917E6B3030096698D /* Release */,
			);
			defaultConfigurationIsVisible = 0;
			defaultConfigurationName = Release;
		};
/* End XCConfigurationList section */
	};
	rootObject = 9DCB4A1A17E6B3020096698D /* Project object */;
}
